
Microsoft Visual Studio Solution File, Format Version 12.00
# Visual Studio Version 17
VisualStudioVersion = 17.1.32328.378
MinimumVisualStudioVersion = 10.0.40219.1
Project("{9A19103F-16F7-4668-BE54-9A1E7A4F7556}") = "CompanyEmployees", "CompanyEmployees\CompanyEmployees.csproj", "{D40EBCE3-8C1B-42C9-A595-AE6CF99BAFAD}"
EndProject
Project("{9A19103F-16F7-4668-BE54-9A1E7A4F7556}") = "Contracts", "Contracts\Contracts.csproj", "{39ADA6F0-DEBD-462C-B3EE-3FD9D504A184}"
EndProject
Project("{9A19103F-16F7-4668-BE54-9A1E7A4F7556}") = "LoggerService", "LoggerService\LoggerService.csproj", "{DCB06B94-F570-44AA-8ECB-F188BB8DBFE3}"
EndProject
Project("{2150E333-8FDC-42A3-9474-1A3956D46DE8}") = "Solution Items", "Solution Items", "{81F16EE1-4C39-4F00-9B25-B03141C14FA6}"
EndProject
Project("{9A19103F-16F7-4668-BE54-9A1E7A4F7556}") = "Entities", "Entities\Entities.csproj", "{91584ECE-85CF-4996-9940-037034375EBD}"
EndProject
Project("{9A19103F-16F7-4668-BE54-9A1E7A4F7556}") = "Infra", "Infra\Infra.csproj", "{399D0184-7C4E-4794-92DB-9FF1DBBE3E69}"
EndProject
Project("{FAE04EC0-301F-11D3-BF4B-00C04F79EFBC}") = "Repository", "Repository\Repository.csproj", "{E09BEA07-EE32-4516-BB62-2951C3D5FCE4}"
EndProject
Global
	GlobalSection(SolutionConfigurationPlatforms) = preSolution
		Debug|Any CPU = Debug|Any CPU
		Release|Any CPU = Release|Any CPU
	EndGlobalSection
	GlobalSection(ProjectConfigurationPlatforms) = postSolution
		{D40EBCE3-8C1B-42C9-A595-AE6CF99BAFAD}.Debug|Any CPU.ActiveCfg = Debug|Any CPU
		{D40EBCE3-8C1B-42C9-A595-AE6CF99BAFAD}.Debug|Any CPU.Build.0 = Debug|Any CPU
		{D40EBCE3-8C1B-42C9-A595-AE6CF99BAFAD}.Release|Any CPU.ActiveCfg = Release|Any CPU
		{D40EBCE3-8C1B-42C9-A595-AE6CF99BAFAD}.Release|Any CPU.Build.0 = Release|Any CPU
		{39ADA6F0-DEBD-462C-B3EE-3FD9D504A184}.Debug|Any CPU.ActiveCfg = Debug|Any CPU
		{39ADA6F0-DEBD-462C-B3EE-3FD9D504A184}.Debug|Any CPU.Build.0 = Debug|Any CPU
		{39ADA6F0-DEBD-462C-B3EE-3FD9D504A184}.Release|Any CPU.ActiveCfg = Release|Any CPU
		{39ADA6F0-DEBD-462C-B3EE-3FD9D504A184}.Release|Any CPU.Build.0 = Release|Any CPU
		{DCB06B94-F570-44AA-8ECB-F188BB8DBFE3}.Debug|Any CPU.ActiveCfg = Debug|Any CPU
		{DCB06B94-F570-44AA-8ECB-F188BB8DBFE3}.Debug|Any CPU.Build.0 = Debug|Any CPU
		{DCB06B94-F570-44AA-8ECB-F188BB8DBFE3}.Release|Any CPU.ActiveCfg = Release|Any CPU
		{DCB06B94-F570-44AA-8ECB-F188BB8DBFE3}.Release|Any CPU.Build.0 = Release|Any CPU
		{91584ECE-85CF-4996-9940-037034375EBD}.Debug|Any CPU.ActiveCfg = Debug|Any CPU
		{91584ECE-85CF-4996-9940-037034375EBD}.Debug|Any CPU.Build.0 = Debug|Any CPU
		{91584ECE-85CF-4996-9940-037034375EBD}.Release|Any CPU.ActiveCfg = Release|Any CPU
		{91584ECE-85CF-4996-9940-037034375EBD}.Release|Any CPU.Build.0 = Release|Any CPU
		{399D0184-7C4E-4794-92DB-9FF1DBBE3E69}.Debug|Any CPU.ActiveCfg = Debug|Any CPU
		{399D0184-7C4E-4794-92DB-9FF1DBBE3E69}.Debug|Any CPU.Build.0 = Debug|Any CPU
		{399D0184-7C4E-4794-92DB-9FF1DBBE3E69}.Release|Any CPU.ActiveCfg = Release|Any CPU
		{399D0184-7C4E-4794-92DB-9FF1DBBE3E69}.Release|Any CPU.Build.0 = Release|Any CPU
		{E09BEA07-EE32-4516-BB62-2951C3D5FCE4}.Debug|Any CPU.ActiveCfg = Debug|Any CPU
		{E09BEA07-EE32-4516-BB62-2951C3D5FCE4}.Debug|Any CPU.Build.0 = Debug|Any CPU
		{E09BEA07-EE32-4516-BB62-2951C3D5FCE4}.Release|Any CPU.ActiveCfg = Release|Any CPU
		{E09BEA07-EE32-4516-BB62-2951C3D5FCE4}.Release|Any CPU.Build.0 = Release|Any CPU
	EndGlobalSection
	GlobalSection(SolutionProperties) = preSolution
		HideSolutionNode = FALSE
	EndGlobalSection
	GlobalSection(ExtensibilityGlobals) = postSolution
		SolutionGuid = {ABA8596F-2321-460B-A795-25CA359529F6}
	EndGlobalSection
EndGlobal
